
Microsoft Visual Studio Solution File, Format Version 12.00
# Visual Studio 2013
VisualStudioVersion = 12.0.21005.1
MinimumVisualStudioVersion = 10.0.40219.1
Project("{FAE04EC0-301F-11D3-BF4B-00C04F79EFBC}") = "FreeSecureLib", "FreeSecureLib\FreeSecureLib.csproj", "{DA2A248A-47D7-4AC5-8644-2C9478135E3E}"
EndProject
Project("{2150E333-8FDC-42A3-9474-1A3956D46DE8}") = "ExternalLibraries", "ExternalLibraries", "{05236E8A-E707-4341-9280-6B1D16E1CEFA}"
	ProjectSection(SolutionItems) = preProject
		..\qrcodereader\QRCode\QRCodeReader\bin\Debug\AForge.dll = ..\qrcodereader\QRCode\QRCodeReader\bin\Debug\AForge.dll
		..\qrcodereader\QRCode\QRCodeReader\bin\Debug\AForge.Imaging.dll = ..\qrcodereader\QRCode\QRCodeReader\bin\Debug\AForge.Imaging.dll
		..\qrcodereader\QRCode\QRCodeReader\bin\Debug\AForge.Imaging.xml = ..\qrcodereader\QRCode\QRCodeReader\bin\Debug\AForge.Imaging.xml
		..\qrcodereader\QRCode\QRCodeReader\bin\Debug\AForge.Math.dll = ..\qrcodereader\QRCode\QRCodeReader\bin\Debug\AForge.Math.dll
		..\qrcodereader\QRCode\QRCodeReader\bin\Debug\AForge.Math.xml = ..\qrcodereader\QRCode\QRCodeReader\bin\Debug\AForge.Math.xml
		..\qrcodereader\QRCode\QRCodeReader\bin\Debug\AForge.Video.DirectShow.dll = ..\qrcodereader\QRCode\QRCodeReader\bin\Debug\AForge.Video.DirectShow.dll
		..\qrcodereader\QRCode\QRCodeReader\bin\Debug\AForge.Video.DirectShow.xml = ..\qrcodereader\QRCode\QRCodeReader\bin\Debug\AForge.Video.DirectShow.xml
		..\qrcodereader\QRCode\QRCodeReader\bin\Debug\AForge.Video.dll = ..\qrcodereader\QRCode\QRCodeReader\bin\Debug\AForge.Video.dll
		..\qrcodereader\QRCode\QRCodeReader\bin\Debug\AForge.Video.VFW.dll = ..\qrcodereader\QRCode\QRCodeReader\bin\Debug\AForge.Video.VFW.dll
		..\qrcodereader\QRCode\QRCodeReader\bin\Debug\AForge.Video.VFW.xml = ..\qrcodereader\QRCode\QRCodeReader\bin\Debug\AForge.Video.VFW.xml
		..\qrcodereader\QRCode\QRCodeReader\bin\Debug\AForge.Video.xml = ..\qrcodereader\QRCode\QRCodeReader\bin\Debug\AForge.Video.xml
		..\qrcodereader\QRCode\QRCodeReader\bin\Debug\AForge.Vision.dll = ..\qrcodereader\QRCode\QRCodeReader\bin\Debug\AForge.Vision.dll
		..\qrcodereader\QRCode\QRCodeReader\bin\Debug\AForge.Vision.xml = ..\qrcodereader\QRCode\QRCodeReader\bin\Debug\AForge.Vision.xml
		..\qrcodereader\QRCode\QRCodeReader\bin\Debug\AForge.xml = ..\qrcodereader\QRCode\QRCodeReader\bin\Debug\AForge.xml
	EndProjectSection
EndProject
Project("{FAE04EC0-301F-11D3-BF4B-00C04F79EFBC}") = "FreeSecure", "FreeSecure\FreeSecure.csproj", "{03217CCB-1E10-4736-83BB-F07B3FF4546F}"
EndProject
Global
	GlobalSection(SolutionConfigurationPlatforms) = preSolution
		Debug|Any CPU = Debug|Any CPU
		Release|Any CPU = Release|Any CPU
	EndGlobalSection
	GlobalSection(ProjectConfigurationPlatforms) = postSolution
		{DA2A248A-47D7-4AC5-8644-2C9478135E3E}.Debug|Any CPU.ActiveCfg = Debug|Any CPU
		{DA2A248A-47D7-4AC5-8644-2C9478135E3E}.Debug|Any CPU.Build.0 = Debug|Any CPU
		{DA2A248A-47D7-4AC5-8644-2C9478135E3E}.Release|Any CPU.ActiveCfg = Release|Any CPU
		{DA2A248A-47D7-4AC5-8644-2C9478135E3E}.Release|Any CPU.Build.0 = Release|Any CPU
		{03217CCB-1E10-4736-83BB-F07B3FF4546F}.Debug|Any CPU.ActiveCfg = Debug|Any CPU
		{03217CCB-1E10-4736-83BB-F07B3FF4546F}.Debug|Any CPU.Build.0 = Debug|Any CPU
		{03217CCB-1E10-4736-83BB-F07B3FF4546F}.Release|Any CPU.ActiveCfg = Release|Any CPU
		{03217CCB-1E10-4736-83BB-F07B3FF4546F}.Release|Any CPU.Build.0 = Release|Any CPU
	EndGlobalSection
	GlobalSection(SolutionProperties) = preSolution
		HideSolutionNode = FALSE
	EndGlobalSection
EndGlobal
